{"version":4,"terraform_version":"1.11.5","serial":9,"lineage":"e86b8533-0d70-47af-ef96-b448c0eeb0a0","outputs":{"lambda_url":{"value":"https://jbbhypdbbflfa5d3mmgd3q24xi0wzviz.lambda-url.us-west-2.on.aws/","type":"string"}},"resources":[{"mode":"managed","type":"aws_iam_policy","name":"iam_policy_for_lambda","provider":"provider[\"registry.opentofu.org/hashicorp/aws\"]","instances":[{"schema_version":0,"attributes":{"arn":"arn:aws:iam::541216676946:policy/datadog-demo-staging","description":"","id":"arn:aws:iam::541216676946:policy/datadog-demo-staging","name":"datadog-demo-staging","name_prefix":"","path":"/","policy":"{\"Statement\":[{\"Action\":[\"lambda:InvokeFunction\",\"lambda:GetFunctionConfiguration\"],\"Effect\":\"Allow\",\"Resource\":\"*\"}],\"Version\":\"2012-10-17\"}","policy_id":"ANPAX4AYHDRJEWKHCOB4G","tags":{},"tags_all":{}},"sensitive_attributes":[],"private":"bnVsbA=="}]},{"mode":"managed","type":"aws_iam_role","name":"lambda_role","provider":"provider[\"registry.opentofu.org/hashicorp/aws\"]","instances":[{"schema_version":0,"attributes":{"arn":"arn:aws:iam::541216676946:role/datadog-demo-staging","assume_role_policy":"{\"Statement\":[{\"Action\":\"sts:AssumeRole\",\"Effect\":\"Allow\",\"Principal\":{\"Service\":\"lambda.amazonaws.com\"}}],\"Version\":\"2012-10-17\"}","create_date":"2026-03-10T05:05:53Z","description":"","force_detach_policies":false,"id":"datadog-demo-staging","inline_policy":[],"managed_policy_arns":["arn:aws:iam::541216676946:policy/datadog-demo-staging"],"max_session_duration":3600,"name":"datadog-demo-staging","name_prefix":"","path":"/","permissions_boundary":null,"role_last_used":[{"last_used_date":"","region":""}],"tags":{},"tags_all":{},"unique_id":"AROAX4AYHDRJKVTSSH75P"},"sensitive_attributes":[],"private":"bnVsbA=="}]},{"mode":"managed","type":"aws_iam_role_policy_attachment","name":"attach_iam_policy_to_iam_role","provider":"provider[\"registry.opentofu.org/hashicorp/aws\"]","instances":[{"schema_version":0,"attributes":{"id":"datadog-demo-staging-20260310050554600300000001","policy_arn":"arn:aws:iam::541216676946:policy/datadog-demo-staging","role":"datadog-demo-staging"},"sensitive_attributes":[],"private":"bnVsbA==","dependencies":["aws_iam_policy.iam_policy_for_lambda","aws_iam_role.lambda_role"]}]},{"mode":"managed","type":"aws_lambda_function","name":"datadog-demo","provider":"provider[\"registry.opentofu.org/hashicorp/aws\"]","instances":[{"schema_version":0,"attributes":{"architectures":["x86_64"],"arn":"arn:aws:lambda:us-west-2:541216676946:function:datadog-demo-staging","code_signing_config_arn":"","dead_letter_config":[],"description":"lambda function from terraform","environment":[],"ephemeral_storage":[{"size":512}],"file_system_config":[],"filename":null,"function_name":"datadog-demo-staging","handler":"","id":"datadog-demo-staging","image_config":[],"image_uri":"541216676946.dkr.ecr.us-west-2.amazonaws.com/datadog-demo/lambda-app:7.3.0","invoke_arn":"arn:aws:apigateway:us-west-2:lambda:path/2015-03-31/functions/arn:aws:lambda:us-west-2:541216676946:function:datadog-demo-staging/invocations","kms_key_arn":"","last_modified":"2026-03-10T18:34:06.000+0000","layers":[],"memory_size":128,"package_type":"Image","publish":false,"qualified_arn":"arn:aws:lambda:us-west-2:541216676946:function:datadog-demo-staging:$LATEST","qualified_invoke_arn":"arn:aws:apigateway:us-west-2:lambda:path/2015-03-31/functions/arn:aws:lambda:us-west-2:541216676946:function:datadog-demo-staging:$LATEST/invocations","replace_security_groups_on_destroy":null,"replacement_security_group_ids":null,"reserved_concurrent_executions":-1,"role":"arn:aws:iam::541216676946:role/datadog-demo-staging","runtime":"","s3_bucket":null,"s3_key":null,"s3_object_version":null,"signing_job_arn":"","signing_profile_version_arn":"","skip_destroy":false,"snap_start":[],"source_code_hash":"be6d3ccb2e66e42f8df70b74a93654dc1a9cdaae8969927c5ce704d0941ed642","source_code_size":0,"tags":{},"tags_all":{},"timeout":3,"timeouts":null,"tracing_config":[{"mode":"PassThrough"}],"version":"$LATEST","vpc_config":[]},"sensitive_attributes":[],"private":"eyJlMmJmYjczMC1lY2FhLTExZTYtOGY4OC0zNDM2M2JjN2M0YzAiOnsiY3JlYXRlIjo2MDAwMDAwMDAwMDAsImRlbGV0ZSI6NjAwMDAwMDAwMDAwLCJ1cGRhdGUiOjYwMDAwMDAwMDAwMH19","dependencies":["aws_iam_role.lambda_role"]}]},{"mode":"managed","type":"aws_lambda_function_url","name":"datadog-demo","provider":"provider[\"registry.opentofu.org/hashicorp/aws\"]","instances":[{"schema_version":0,"attributes":{"authorization_type":"NONE","cors":[],"function_arn":"arn:aws:lambda:us-west-2:541216676946:function:datadog-demo-staging","function_name":"datadog-demo-staging","function_url":"https://jbbhypdbbflfa5d3mmgd3q24xi0wzviz.lambda-url.us-west-2.on.aws/","id":"datadog-demo-staging","invoke_mode":"BUFFERED","qualifier":"","timeouts":null,"url_id":"jbbhypdbbflfa5d3mmgd3q24xi0wzviz"},"sensitive_attributes":[],"private":"eyJlMmJmYjczMC1lY2FhLTExZTYtOGY4OC0zNDM2M2JjN2M0YzAiOnsiY3JlYXRlIjo2MDAwMDAwMDAwMDB9fQ==","dependencies":["aws_iam_role.lambda_role","aws_lambda_function.datadog-demo"]}]}],"check_results":null}
